
Microsoft Visual Studio Solution File, Format Version 12.00
# Visual Studio Version 17
VisualStudioVersion = 17.5.33516.290
MinimumVisualStudioVersion = 10.0.40219.1
Project("{FAE04EC0-301F-11D3-BF4B-00C04F79EFBC}") = "Task_20_PolessUP", "Task_20_PolessUP\Task_20_PolessUP.csproj", "{CFD2CC54-2AE0-49DF-AEA8-0C288F3690F8}"
EndProject
Global
	GlobalSection(SolutionConfigurationPlatforms) = preSolution
		Debug|Any CPU = Debug|Any CPU
		Release|Any CPU = Release|Any CPU
	EndGlobalSection
	GlobalSection(ProjectConfigurationPlatforms) = postSolution
		{CFD2CC54-2AE0-49DF-AEA8-0C288F3690F8}.Debug|Any CPU.ActiveCfg = Debug|Any CPU
		{CFD2CC54-2AE0-49DF-AEA8-0C288F3690F8}.Debug|Any CPU.Build.0 = Debug|Any CPU
		{CFD2CC54-2AE0-49DF-AEA8-0C288F3690F8}.Release|Any CPU.ActiveCfg = Release|Any CPU
		{CFD2CC54-2AE0-49DF-AEA8-0C288F3690F8}.Release|Any CPU.Build.0 = Release|Any CPU
	EndGlobalSection
	GlobalSection(SolutionProperties) = preSolution
		HideSolutionNode = FALSE
	EndGlobalSection
	GlobalSection(ExtensibilityGlobals) = postSolution
		SolutionGuid = {7634551A-9758-4E07-BA34-F02A98662ED1}
	EndGlobalSection
EndGlobal
